
Microsoft Visual Studio Solution File, Format Version 12.00
# Visual Studio Version 17
VisualStudioVersion = 17.5.33424.131
MinimumVisualStudioVersion = 10.0.40219.1
Project("{FAE04EC0-301F-11D3-BF4B-00C04F79EFBC}") = "Registro de Aulas", "Registro de Aulas\Registro de Aulas.csproj", "{70D2802F-2902-4297-BC15-DE3EF70D8C06}"
EndProject
Global
	GlobalSection(SolutionConfigurationPlatforms) = preSolution
		Debug|Any CPU = Debug|Any CPU
		Release|Any CPU = Release|Any CPU
	EndGlobalSection
	GlobalSection(ProjectConfigurationPlatforms) = postSolution
		{70D2802F-2902-4297-BC15-DE3EF70D8C06}.Debug|Any CPU.ActiveCfg = Debug|Any CPU
		{70D2802F-2902-4297-BC15-DE3EF70D8C06}.Debug|Any CPU.Build.0 = Debug|Any CPU
		{70D2802F-2902-4297-BC15-DE3EF70D8C06}.Release|Any CPU.ActiveCfg = Release|Any CPU
		{70D2802F-2902-4297-BC15-DE3EF70D8C06}.Release|Any CPU.Build.0 = Release|Any CPU
	EndGlobalSection
	GlobalSection(SolutionProperties) = preSolution
		HideSolutionNode = FALSE
	EndGlobalSection
	GlobalSection(ExtensibilityGlobals) = postSolution
		SolutionGuid = {B9990236-FFBC-4F5F-B75B-E9288DC0EE8D}
	EndGlobalSection
EndGlobal
